{
  "nodes": {
    "advisory-db": {
      "flake": false,
      "locked": {
        "lastModified": 1702652226,
        "narHash": "sha256-nBq7EmP7E42XRLkMArk4aSjoclBxFT2gxgLmS2xF1EY=",
        "owner": "rustsec",
        "repo": "advisory-db",
        "rev": "fd71859263a51bf69da4ad9f692d6ebfe7db525b",
        "type": "github"
      },
      "original": {
        "owner": "rustsec",
        "repo": "advisory-db",
        "type": "github"
      }
    },
    "crane": {
      "inputs": {
        "nixpkgs": [
          "nixpkgs"
        ]
      },
      "locked": {
        "lastModified": 1702488130,
        "narHash": "sha256-Bz4KTuBARAQY8952CpmYVD9o/LoScYjdw8KrK2OjEoA=",
        "owner": "ipetkov",
        "repo": "crane",
        "rev": "33dbb6a8342e1cf6252c8976d02ff8a7632aa071",
        "type": "github"
      },
      "original": {
        "owner": "ipetkov",
        "repo": "crane",
        "type": "github"
      }
    },
    "fenix": {
      "inputs": {
        "nixpkgs": [
          "nixpkgs"
        ],
        "rust-analyzer-src": []
      },
      "locked": {
        "lastModified": 1702621368,
        "narHash": "sha256-6mq2WlU6SNPdg6Lx+6xjErNw0NZRauEqu+MDEu5HXPU=",
        "owner": "nix-community",
        "repo": "fenix",
        "rev": "9247c3b0597a1fc8f917152ae28a6da32251f3c1",
        "type": "github"
      },
      "original": {
        "owner": "nix-community",
        "repo": "fenix",
        "type": "github"
      }
    },
    "nixpkgs": {
      "locked": {
        "lastModified": 1702539185,
        "narHash": "sha256-KnIRG5NMdLIpEkZTnN5zovNYc0hhXjAgv6pfd5Z4c7U=",
        "owner": "NixOS",
        "repo": "nixpkgs",
        "rev": "aa9d4729cbc99dabacb50e3994dcefb3ea0f7447",
        "type": "github"
      },
      "original": {
        "owner": "NixOS",
        "ref": "nixpkgs-unstable",
        "repo": "nixpkgs",
        "type": "github"
      }
    },
    "root": {
      "inputs": {
        "advisory-db": "advisory-db",
        "crane": "crane",
        "fenix": "fenix",
        "nixpkgs": "nixpkgs"
      }
    }
  },
  "root": "root",
  "version": 7
}
