{
  "nodes": {
    "flake-utils": {
      "locked": {
        "lastModified": 1659877975,
        "narHash": "sha256-zllb8aq3YO3h8B/U0/J1WBgAL8EX5yWf5pMj3G0NAmc=",
        "owner": "numtide",
        "repo": "flake-utils",
        "rev": "c0e246b9b83f637f4681389ecabcb2681b4f3af0",
        "type": "github"
      },
      "original": {
        "owner": "numtide",
        "repo": "flake-utils",
        "type": "github"
      }
    },
    "maturin": {
      "flake": false,
      "locked": {
        "lastModified": 1669212782,
        "narHash": "sha256-k2XP0pzIjHTzp4Zouwj/lqir5uOCMpWu2iWbVjsoaf0=",
        "owner": "PyO3",
        "repo": "maturin",
        "rev": "a5e72368334ed41878b2befbd77fa6ac698312c5",
        "type": "github"
      },
      "original": {
        "owner": "PyO3",
        "repo": "maturin",
        "type": "github"
      }
    },
    "nix-old-libc": {
      "inputs": {
        "nixpkgs": [
          "nixpkgs"
        ],
        "nixpkgs-old": "nixpkgs-old",
        "utils": "utils"
      },
      "locked": {
        "lastModified": 1670429209,
        "narHash": "sha256-cXCRdDKxxMglVH3j25PYBAQZmekyzZ3Nx52BwphzceQ=",
        "ref": "refs/heads/main",
        "rev": "8d96ed75340180d4f79c1fc0a65a4bcc02f9a198",
        "revCount": 1,
        "type": "git",
        "url": "ssh://git@git.sr.ht/~vlaci/nix-old-libc"
      },
      "original": {
        "type": "git",
        "url": "ssh://git@git.sr.ht/~vlaci/nix-old-libc"
      }
    },
    "nixpkgs": {
      "locked": {
        "lastModified": 1669165918,
        "narHash": "sha256-hIVruk2+0wmw/Kfzy11rG3q7ev3VTi/IKVODeHcVjFo=",
        "owner": "NixOS",
        "repo": "nixpkgs",
        "rev": "3b400a525d92e4085e46141ff48cbf89fd89739e",
        "type": "github"
      },
      "original": {
        "owner": "NixOS",
        "ref": "nixpkgs-unstable",
        "repo": "nixpkgs",
        "type": "github"
      }
    },
    "nixpkgs-old": {
      "flake": false,
      "locked": {
        "narHash": "sha256-dZP4FgqRNgfjSaSi53yMfz6PWITsqwQcWW7xgi9ShuI=",
        "type": "tarball",
        "url": "https://releases.nixos.org/nixos/13.10/nixos-13.10.35728.91e952a/nixexprs.tar.xz"
      },
      "original": {
        "type": "tarball",
        "url": "https://releases.nixos.org/nixos/13.10/nixos-13.10.35728.91e952a/nixexprs.tar.xz"
      }
    },
    "nixpkgs_2": {
      "locked": {
        "lastModified": 1665296151,
        "narHash": "sha256-uOB0oxqxN9K7XGF1hcnY+PQnlQJ+3bP2vCn/+Ru/bbc=",
        "owner": "NixOS",
        "repo": "nixpkgs",
        "rev": "14ccaaedd95a488dd7ae142757884d8e125b3363",
        "type": "github"
      },
      "original": {
        "owner": "NixOS",
        "ref": "nixpkgs-unstable",
        "repo": "nixpkgs",
        "type": "github"
      }
    },
    "root": {
      "inputs": {
        "maturin": "maturin",
        "nix-old-libc": "nix-old-libc",
        "nixpkgs": "nixpkgs",
        "rust-overlay": "rust-overlay",
        "utils": "utils_2"
      }
    },
    "rust-overlay": {
      "inputs": {
        "flake-utils": "flake-utils",
        "nixpkgs": "nixpkgs_2"
      },
      "locked": {
        "lastModified": 1669516540,
        "narHash": "sha256-KzAKsPr6s77I2/0wWJ2tSY7Ca5Av/bqfw3aUv8lbuH4=",
        "owner": "oxalica",
        "repo": "rust-overlay",
        "rev": "d99b1e8e21de25b97cbadb413d3510cec0ba5bc5",
        "type": "github"
      },
      "original": {
        "owner": "oxalica",
        "repo": "rust-overlay",
        "type": "github"
      }
    },
    "utils": {
      "locked": {
        "lastModified": 1667395993,
        "narHash": "sha256-nuEHfE/LcWyuSWnS8t12N1wc105Qtau+/OdUAjtQ0rA=",
        "owner": "numtide",
        "repo": "flake-utils",
        "rev": "5aed5285a952e0b949eb3ba02c12fa4fcfef535f",
        "type": "github"
      },
      "original": {
        "owner": "numtide",
        "repo": "flake-utils",
        "type": "github"
      }
    },
    "utils_2": {
      "locked": {
        "lastModified": 1667395993,
        "narHash": "sha256-nuEHfE/LcWyuSWnS8t12N1wc105Qtau+/OdUAjtQ0rA=",
        "owner": "numtide",
        "repo": "flake-utils",
        "rev": "5aed5285a952e0b949eb3ba02c12fa4fcfef535f",
        "type": "github"
      },
      "original": {
        "owner": "numtide",
        "repo": "flake-utils",
        "type": "github"
      }
    }
  },
  "root": "root",
  "version": 7
}
