{
  "nodes": {
    "advisory-db": {
      "flake": false,
      "locked": {
        "lastModified": 1721864173,
        "narHash": "sha256-tQn2ZPLAH6u2nAfV8Ac/2HPS5giBi0iceCp4g9SqWAU=",
        "owner": "rustsec",
        "repo": "advisory-db",
        "rev": "af0e1b678a23ebd04efa0d0f63f98ad46781077d",
        "type": "github"
      },
      "original": {
        "owner": "rustsec",
        "repo": "advisory-db",
        "type": "github"
      }
    },
    "crane": {
      "inputs": {
        "nixpkgs": [
          "nixpkgs"
        ]
      },
      "locked": {
        "lastModified": 1721842668,
        "narHash": "sha256-k3oiD2z2AAwBFLa4+xfU+7G5fisRXfkvrMTCJrjZzXo=",
        "owner": "ipetkov",
        "repo": "crane",
        "rev": "529c1a0b1f29f0d78fa3086b8f6a134c71ef3aaf",
        "type": "github"
      },
      "original": {
        "owner": "ipetkov",
        "repo": "crane",
        "type": "github"
      }
    },
    "crane-maturin": {
      "inputs": {
        "crane": [
          "crane"
        ],
        "nixpkgs": [
          "nixpkgs"
        ]
      },
      "locked": {
        "lastModified": 1721995893,
        "narHash": "sha256-AlVA79ubr+MuNOuAQl4BTAbIN0au49AJgzv6S/PrCQo=",
        "owner": "~vlaci",
        "repo": "crane-maturin",
        "rev": "467907d442a95409dbc3b06d2a90483ca9054057",
        "type": "sourcehut"
      },
      "original": {
        "owner": "~vlaci",
        "repo": "crane-maturin",
        "type": "sourcehut"
      }
    },
    "fenix": {
      "inputs": {
        "nixpkgs": [
          "nixpkgs"
        ],
        "rust-analyzer-src": []
      },
      "locked": {
        "lastModified": 1721975407,
        "narHash": "sha256-XkNqglPxkfWOkysN5C1aZeoHCozwyRq3nC4jL0IFqlA=",
        "owner": "nix-community",
        "repo": "fenix",
        "rev": "27128b6e467ced6142264d02a884fde45931e708",
        "type": "github"
      },
      "original": {
        "owner": "nix-community",
        "repo": "fenix",
        "type": "github"
      }
    },
    "nixpkgs": {
      "locked": {
        "lastModified": 1721933792,
        "narHash": "sha256-zYVwABlQnxpbaHMfX6Wt9jhyQstFYwN2XjleOJV3VVg=",
        "owner": "NixOS",
        "repo": "nixpkgs",
        "rev": "2122a9b35b35719ad9a395fe783eabb092df01b1",
        "type": "github"
      },
      "original": {
        "owner": "NixOS",
        "ref": "nixpkgs-unstable",
        "repo": "nixpkgs",
        "type": "github"
      }
    },
    "root": {
      "inputs": {
        "advisory-db": "advisory-db",
        "crane": "crane",
        "crane-maturin": "crane-maturin",
        "fenix": "fenix",
        "nixpkgs": "nixpkgs"
      }
    }
  },
  "root": "root",
  "version": 7
}
